
Microsoft Visual Studio Solution File, Format Version 12.00
# Visual Studio Version 16
VisualStudioVersion = 16.0.31624.102
MinimumVisualStudioVersion = 10.0.40219.1
Project("{FAE04EC0-301F-11D3-BF4B-00C04F79EFBC}") = "Practica100921", "Practica100921\Practica100921.csproj", "{9A490328-9EF8-41F7-AE63-FA13DA5D1626}"
EndProject
Global
	GlobalSection(SolutionConfigurationPlatforms) = preSolution
		Debug|Any CPU = Debug|Any CPU
		Release|Any CPU = Release|Any CPU
	EndGlobalSection
	GlobalSection(ProjectConfigurationPlatforms) = postSolution
		{9A490328-9EF8-41F7-AE63-FA13DA5D1626}.Debug|Any CPU.ActiveCfg = Debug|Any CPU
		{9A490328-9EF8-41F7-AE63-FA13DA5D1626}.Debug|Any CPU.Build.0 = Debug|Any CPU
		{9A490328-9EF8-41F7-AE63-FA13DA5D1626}.Release|Any CPU.ActiveCfg = Release|Any CPU
		{9A490328-9EF8-41F7-AE63-FA13DA5D1626}.Release|Any CPU.Build.0 = Release|Any CPU
	EndGlobalSection
	GlobalSection(SolutionProperties) = preSolution
		HideSolutionNode = FALSE
	EndGlobalSection
	GlobalSection(ExtensibilityGlobals) = postSolution
		SolutionGuid = {A4F54A4C-7EAE-4AB9-83FF-E3ED65E8EF5A}
	EndGlobalSection
EndGlobal
